
Microsoft Visual Studio Solution File, Format Version 12.00
# Visual Studio Version 17
VisualStudioVersion = 17.4.33213.308
MinimumVisualStudioVersion = 10.0.40219.1
Project("{FAE04EC0-301F-11D3-BF4B-00C04F79EFBC}") = "Task2", "Task2\Task2.csproj", "{CDC007AE-874F-4B8A-A047-A121F721128A}"
EndProject
Project("{FAE04EC0-301F-11D3-BF4B-00C04F79EFBC}") = "Task3", "Task3\Task3.csproj", "{9E8CF99D-DCA8-49AA-81D7-6B2134D5593E}"
EndProject
Project("{FAE04EC0-301F-11D3-BF4B-00C04F79EFBC}") = "Task4", "Task4\Task4.csproj", "{1EA0BF09-EDC6-4FFA-966F-EFB56123123D}"
EndProject
Project("{FAE04EC0-301F-11D3-BF4B-00C04F79EFBC}") = "AddTask", "AddTask\AddTask.csproj", "{1ED33C95-4082-43E4-8373-61AD9844BFC5}"
EndProject
Global
	GlobalSection(SolutionConfigurationPlatforms) = preSolution
		Debug|Any CPU = Debug|Any CPU
		Release|Any CPU = Release|Any CPU
	EndGlobalSection
	GlobalSection(ProjectConfigurationPlatforms) = postSolution
		{CDC007AE-874F-4B8A-A047-A121F721128A}.Debug|Any CPU.ActiveCfg = Debug|Any CPU
		{CDC007AE-874F-4B8A-A047-A121F721128A}.Debug|Any CPU.Build.0 = Debug|Any CPU
		{CDC007AE-874F-4B8A-A047-A121F721128A}.Release|Any CPU.ActiveCfg = Release|Any CPU
		{CDC007AE-874F-4B8A-A047-A121F721128A}.Release|Any CPU.Build.0 = Release|Any CPU
		{9E8CF99D-DCA8-49AA-81D7-6B2134D5593E}.Debug|Any CPU.ActiveCfg = Debug|Any CPU
		{9E8CF99D-DCA8-49AA-81D7-6B2134D5593E}.Debug|Any CPU.Build.0 = Debug|Any CPU
		{9E8CF99D-DCA8-49AA-81D7-6B2134D5593E}.Release|Any CPU.ActiveCfg = Release|Any CPU
		{9E8CF99D-DCA8-49AA-81D7-6B2134D5593E}.Release|Any CPU.Build.0 = Release|Any CPU
		{1EA0BF09-EDC6-4FFA-966F-EFB56123123D}.Debug|Any CPU.ActiveCfg = Debug|Any CPU
		{1EA0BF09-EDC6-4FFA-966F-EFB56123123D}.Debug|Any CPU.Build.0 = Debug|Any CPU
		{1EA0BF09-EDC6-4FFA-966F-EFB56123123D}.Release|Any CPU.ActiveCfg = Release|Any CPU
		{1EA0BF09-EDC6-4FFA-966F-EFB56123123D}.Release|Any CPU.Build.0 = Release|Any CPU
		{1ED33C95-4082-43E4-8373-61AD9844BFC5}.Debug|Any CPU.ActiveCfg = Debug|Any CPU
		{1ED33C95-4082-43E4-8373-61AD9844BFC5}.Debug|Any CPU.Build.0 = Debug|Any CPU
		{1ED33C95-4082-43E4-8373-61AD9844BFC5}.Release|Any CPU.ActiveCfg = Release|Any CPU
		{1ED33C95-4082-43E4-8373-61AD9844BFC5}.Release|Any CPU.Build.0 = Release|Any CPU
	EndGlobalSection
	GlobalSection(SolutionProperties) = preSolution
		HideSolutionNode = FALSE
	EndGlobalSection
	GlobalSection(ExtensibilityGlobals) = postSolution
		SolutionGuid = {8DB46C9B-65B9-46BC-99B7-D91BD933C3D4}
	EndGlobalSection
EndGlobal
